%{
  "basho_stats": {:git, "git://github.com/basho/basho_stats.git", "c5b7ecb92af7b050bc62d08c6fbf1aafd6bdeff0", [branch: "develop-3.0"]},
  "bear": {:hex, :bear, "0.8.7", "16264309ae5d005d03718a5c82641fcc259c9e8f09adeb6fd79ca4271168656f", [:rebar3], [], "hexpm"},
  "clique": {:git, "git://github.com/basho/clique.git", "fdfd2466d1169c8c39b1d4a240ea3ad236b4b63f", [branch: "develop-3.0"]},
  "cluster_info": {:git, "git://github.com/basho/cluster_info.git", "389d43af7ac1550b3c01cd55b8147bcc0e20022f", [branch: "develop-3.0"]},
  "cuttlefish": {:git, "https://github.com/basho/cuttlefish.git", "4f436ba2b67a7a95ed1d4ddd74a44a06661a77d1", [tag: "2.0.11"]},
  "eleveldb": {:git, "git://github.com/basho/eleveldb.git", "3dee1dd7173507a4ad29df1ceb99cb70d6142478", [branch: "develop-3.0"]},
  "exometer_core": {:hex, :exometer_core, "1.5.7", "ab97e34a5d69ab14e6ae161db4cca5b5e655e635b842f830ee6ab2cbfcfdc30a", [:rebar3], [{:folsom, "0.8.7", [hex: :folsom, repo: "hexpm", optional: false]}, {:hut, "1.2.1", [hex: :hut, repo: "hexpm", optional: false]}, {:parse_trans, "3.3.0", [hex: :parse_trans, repo: "hexpm", optional: false]}, {:setup, "2.0.2", [hex: :setup, repo: "hexpm", optional: false]}], "hexpm"},
  "folsom": {:hex, :folsom, "0.8.7", "a885f0aeee4c84270954c88a55a5a473d6b2c7493e32ffdc5765412dd555a951", [:rebar3], [{:bear, "0.8.7", [hex: :bear, repo: "hexpm", optional: false]}], "hexpm"},
  "gen_fsm_compat": {:hex, :gen_fsm_compat, "0.3.0", "5903549f67d595f58a7101154cbe0fdd46955fbfbe40813f1e53c23a970ff5f4", [:rebar3], [], "hexpm"},
  "getopt": {:git, "https://github.com/basho/getopt.git", "388dc95caa7fb97ec7db8cfc39246a36aba61bd8", [tag: "v0.8.2"]},
  "goldrush": {:git, "https://github.com/basho/goldrush.git", "8f1b715d36b650ec1e1f5612c00e28af6ab0de82", [tag: "0.1.9"]},
  "hut": {:hex, :hut, "1.2.1", "08d46679523043424870723923971889e8a34d63b2f946a35b46cf921d1236e7", [:"erlang.mk", :rebar, :rebar3], [], "hexpm"},
  "jason": {:hex, :jason, "1.2.1", "12b22825e22f468c02eb3e4b9985f3d0cb8dc40b9bd704730efa11abd2708c44", [:mix], [{:decimal, "~> 1.0", [hex: :decimal, repo: "hexpm", optional: true]}], "hexpm"},
  "lager": {:git, "https://github.com/basho/lager.git", "81eaef0ce98fdbf64ab95665e3bc2ec4b24c7dac", [tag: "3.2.4"]},
  "lager_logger": {:hex, :lager_logger, "1.0.5", "2b58be52fe1e0fb82656180fc54e45618aa2dc619090b00e6d3fb4707c6a1fe5", [:mix], [{:lager, ">= 2.1.0", [hex: :lager, repo: "hexpm", optional: false]}], "hexpm"},
  "libcluster": {:hex, :libcluster, "3.2.1", "b2cd5b447cde25d5897749bee6f7aaeb6c96ac379481024e9b6ba495dabeb97d", [:mix], [{:jason, "~> 1.1", [hex: :jason, repo: "hexpm", optional: false]}], "hexpm"},
  "neotoma": {:git, "https://github.com/basho/neotoma.git", "9e57d8ebd4ebb02c3e2428b08f3a01e2ff834ce2", [tag: "1.7.4"]},
  "parse_trans": {:hex, :parse_trans, "3.3.0", "09765507a3c7590a784615cfd421d101aec25098d50b89d7aa1d66646bc571c1", [:rebar3], [], "hexpm"},
  "pbkdf2": {:git, "git://github.com/basho/erlang-pbkdf2.git", "681494c3ea03625c909a16b1b3ca295edf892057", [branch: "develop-3.0"]},
  "poolboy": {:git, "https://github.com/Kyorai/poolboy.git", "58ae8431dcf9cc69045d618417e5e6e74c7e8dde", [branch: "r21"]},
  "riak_core": {:git, "https://github.com/basho/riak_core.git", "52d108a38642ad4b194a68610279cdf5c5c7219b", [branch: "develop-3.0-travisci"]},
  "riak_ensemble": {:git, "https://github.com/basho/riak_ensemble", "a1b29e0ef5b6c811af242758e385153e5ff7cbe1", [branch: "develop-3.0"]},
  "riak_sysmon": {:hex, :riak_sysmon, "2.1.7", "af420df0f7569e1f12bcd465745164cb6189eb93f118d5cdb3f90feb3f8bf47d", [:rebar3], [{:lager, "~>3.6.0", [hex: :lager, repo: "hexpm", optional: false]}], "hexpm"},
  "setup": {:hex, :setup, "2.0.2", "1203f4cda11306c2e34434244576ded0a7bbfb0908d9a572356c809bd0cdf085", [:rebar3], [], "hexpm"},
}
